// !$*UTF8*$!
{
	archiveVersion = 1;
	classes = {
	};
	objectVersion = 56;
	objects = {

/* Begin PBXBuildFile section */
		B0AEC4E92A5D70E800712D99 /* AppDelegate.swift in Sources */ = {isa = PBXBuildFile; fileRef = B0AEC4E82A5D70E800712D99 /* AppDelegate.swift */; };
		B0AEC4EB2A5D70E800712D99 /* SceneDelegate.swift in Sources */ = {isa = PBXBuildFile; fileRef = B0AEC4EA2A5D70E800712D99 /* SceneDelegate.swift */; };
		B0AEC4ED2A5D70E800712D99 /* ViewController.swift in Sources */ = {isa = PBXBuildFile; fileRef = B0AEC4EC2A5D70E800712D99 /* ViewController.swift */; };
		B0AEC4F02A5D70E800712D99 /* Main.storyboard in Resources */ = {isa = PBXBuildFile; fileRef = B0AEC4EE2A5D70E800712D99 /* Main.storyboard */; };
		B0AEC4F22A5D70EB00712D99 /* Assets.xcassets in Resources */ = {isa = PBXBuildFile; fileRef = B0AEC4F12A5D70EB00712D99 /* Assets.xcassets */; };
		B0AEC4F52A5D70EB00712D99 /* LaunchScreen.storyboard in Resources */ = {isa = PBXBuildFile; fileRef = B0AEC4F32A5D70EB00712D99 /* LaunchScreen.storyboard */; };
/* End PBXBuildFile section */

/* Begin PBXFileReference section */
		B0AEC4E52A5D70E800712D99 /* ScrollingButtonsExample.app */ = {isa = PBXFileReference; explicitFileType = wrapper.application; includeInIndex = 0; path = ScrollingButtonsExample.app; sourceTree = BUILT_PRODUCTS_DIR; };
		B0AEC4E82A5D70E800712D99 /* AppDelegate.swift */ = {isa = PBXFileReference; lastKnownFileType = sourcecode.swift; path = AppDelegate.swift; sourceTree = "<group>"; };
		B0AEC4EA2A5D70E800712D99 /* SceneDelegate.swift */ = {isa = PBXFileReference; lastKnownFileType = sourcecode.swift; path = SceneDelegate.swift; sourceTree = "<group>"; };
		B0AEC4EC2A5D70E800712D99 /* ViewController.swift */ = {isa = PBXFileReference; lastKnownFileType = sourcecode.swift; path = ViewController.swift; sourceTree = "<group>"; };
		B0AEC4EF2A5D70E800712D99 /* Base */ = {isa = PBXFileReference; lastKnownFileType = file.storyboard; name = Base; path = Base.lproj/Main.storyboard; sourceTree = "<group>"; };
		B0AEC4F12A5D70EB00712D99 /* Assets.xcassets */ = {isa = PBXFileReference; lastKnownFileType = folder.assetcatalog; path = Assets.xcassets; sourceTree = "<group>"; };
		B0AEC4F42A5D70EB00712D99 /* Base */ = {isa = PBXFileReference; lastKnownFileType = file.storyboard; name = Base; path = Base.lproj/LaunchScreen.storyboard; sourceTree = "<group>"; };
		B0AEC4F62A5D70EB00712D99 /* Info.plist */ = {isa = PBXFileReference; lastKnownFileType = text.plist.xml; path = Info.plist; sourceTree = "<group>"; };
		B0AEC4FF2A5EA3C700712D99 /* ScrollingButtons */ = {isa = PBXFileReference; lastKnownFileType = wrapper; name = ScrollingButtons; path = ..; sourceTree = "<group>"; };
/* End PBXFileReference section */

/* Begin PBXFrameworksBuildPhase section */
		B0AEC4E22A5D70E800712D99 /* Frameworks */ = {
			isa = PBXFrameworksBuildPhase;
			buildActionMask = 2147483647;
			files = (
			);
			runOnlyForDeploymentPostprocessing = 0;
		};
/* End PBXFrameworksBuildPhase section */

/* Begin PBXGroup section */
		B0AEC4DC2A5D70E800712D99 = {
			isa = PBXGroup;
			children = (
				B0AEC4FE2A5EA3C700712D99 /* Packages */,
				B0AEC4E72A5D70E800712D99 /* ScrollingButtons */,
				B0AEC4E62A5D70E800712D99 /* Products */,
			);
			sourceTree = "<group>";
		};
		B0AEC4E62A5D70E800712D99 /* Products */ = {
			isa = PBXGroup;
			children = (
				B0AEC4E52A5D70E800712D99 /* ScrollingButtonsExample.app */,
			);
			name = Products;
			sourceTree = "<group>";
		};
		B0AEC4E72A5D70E800712D99 /* ScrollingButtons */ = {
			isa = PBXGroup;
			children = (
				B0AEC4E82A5D70E800712D99 /* AppDelegate.swift */,
				B0AEC4EA2A5D70E800712D99 /* SceneDelegate.swift */,
				B0AEC4EC2A5D70E800712D99 /* ViewController.swift */,
				B0AEC4EE2A5D70E800712D99 /* Main.storyboard */,
				B0AEC4F12A5D70EB00712D99 /* Assets.xcassets */,
				B0AEC4F32A5D70EB00712D99 /* LaunchScreen.storyboard */,
				B0AEC4F62A5D70EB00712D99 /* Info.plist */,
			);
			path = ScrollingButtons;
			sourceTree = "<group>";
		};
		B0AEC4FE2A5EA3C700712D99 /* Packages */ = {
			isa = PBXGroup;
			children = (
				B0AEC4FF2A5EA3C700712D99 /* ScrollingButtons */,
			);
			name = Packages;
			sourceTree = "<group>";
		};
/* End PBXGroup section */

/* Begin PBXNativeTarget section */
		B0AEC4E42A5D70E800712D99 /* ScrollingButtonsExample */ = {
			isa = PBXNativeTarget;
			buildConfigurationList = B0AEC4F92A5D70EB00712D99 /* Build configuration list for PBXNativeTarget "ScrollingButtonsExample" */;
			buildPhases = (
				B0AEC4E12A5D70E800712D99 /* Sources */,
				B0AEC4E22A5D70E800712D99 /* Frameworks */,
				B0AEC4E32A5D70E800712D99 /* Resources */,
			);
			buildRules = (
			);
			dependencies = (
			);
			name = ScrollingButtonsExample;
			productName = ScrollingButtons;
			productReference = B0AEC4E52A5D70E800712D99 /* ScrollingButtonsExample.app */;
			productType = "com.apple.product-type.application";
		};
/* End PBXNativeTarget section */

/* Begin PBXProject section */
		B0AEC4DD2A5D70E800712D99 /* Project object */ = {
			isa = PBXProject;
			attributes = {
				BuildIndependentTargetsInParallel = 1;
				LastSwiftUpdateCheck = 1430;
				LastUpgradeCheck = 1430;
				TargetAttributes = {
					B0AEC4E42A5D70E800712D99 = {
						CreatedOnToolsVersion = 14.3;
					};
				};
			};
			buildConfigurationList = B0AEC4E02A5D70E800712D99 /* Build configuration list for PBXProject "ScrollingButtonsExample" */;
			compatibilityVersion = "Xcode 14.0";
			developmentRegion = en;
			hasScannedForEncodings = 0;
			knownRegions = (
				en,
				Base,
			);
			mainGroup = B0AEC4DC2A5D70E800712D99;
			productRefGroup = B0AEC4E62A5D70E800712D99 /* Products */;
			projectDirPath = "";
			projectRoot = "";
			targets = (
				B0AEC4E42A5D70E800712D99 /* ScrollingButtonsExample */,
			);
		};
/* End PBXProject section */

/* Begin PBXResourcesBuildPhase section */
		B0AEC4E32A5D70E800712D99 /* Resources */ = {
			isa = PBXResourcesBuildPhase;
			buildActionMask = 2147483647;
			files = (
				B0AEC4F52A5D70EB00712D99 /* LaunchScreen.storyboard in Resources */,
				B0AEC4F22A5D70EB00712D99 /* Assets.xcassets in Resources */,
				B0AEC4F02A5D70E800712D99 /* Main.storyboard in Resources */,
			);
			runOnlyForDeploymentPostprocessing = 0;
		};
/* End PBXResourcesBuildPhase section */

/* Begin PBXSourcesBuildPhase section */
		B0AEC4E12A5D70E800712D99 /* Sources */ = {
			isa = PBXSourcesBuildPhase;
			buildActionMask = 2147483647;
			files = (
				B0AEC4ED2A5D70E800712D99 /* ViewController.swift in Sources */,
				B0AEC4E92A5D70E800712D99 /* AppDelegate.swift in Sources */,
				B0AEC4EB2A5D70E800712D99 /* SceneDelegate.swift in Sources */,
			);
			runOnlyForDeploymentPostprocessing = 0;
		};
/* End PBXSourcesBuildPhase section */

/* Begin PBXVariantGroup section */
		B0AEC4EE2A5D70E800712D99 /* Main.storyboard */ = {
			isa = PBXVariantGroup;
			children = (
				B0AEC4EF2A5D70E800712D99 /* Base */,
			);
			name = Main.storyboard;
			sourceTree = "<group>";
		};
		B0AEC4F32A5D70EB00712D99 /* LaunchScreen.storyboard */ = {
			isa = PBXVariantGroup;
			children = (
				B0AEC4F42A5D70EB00712D99 /* Base */,
			);
			name = LaunchScreen.storyboard;
			sourceTree = "<group>";
		};
/* End PBXVariantGroup section */

/* Begin XCBuildConfiguration section */
		B0AEC4F72A5D70EB00712D99 /* Debug */ = {
			isa = XCBuildConfiguration;
			buildSettings = {
				ALWAYS_SEARCH_USER_PATHS = NO;
				CLANG_ANALYZER_NONNULL = YES;
				CLANG_ANALYZER_NUMBER_OBJECT_CONVERSION = YES_AGGRESSIVE;
				CLANG_CXX_LANGUAGE_STANDARD = "gnu++20";
				CLANG_ENABLE_MODULES = YES;
				CLANG_ENABLE_OBJC_ARC = YES;
				CLANG_ENABLE_OBJC_WEAK = YES;
				CLANG_WARN_BLOCK_CAPTURE_AUTORELEASING = YES;
				CLANG_WARN_BOOL_CONVERSION = YES;
				CLANG_WARN_COMMA = YES;
				CLANG_WARN_CONSTANT_CONVERSION = YES;
				CLANG_WARN_DEPRECATED_OBJC_IMPLEMENTATIONS = YES;
				CLANG_WARN_DIRECT_OBJC_ISA_USAGE = YES_ERROR;
				CLANG_WARN_DOCUMENTATION_COMMENTS = YES;
				CLANG_WARN_EMPTY_BODY = YES;
				CLANG_WARN_ENUM_CONVERSION = YES;
				CLANG_WARN_INFINITE_RECURSION = YES;
				CLANG_WARN_INT_CONVERSION = YES;
				CLANG_WARN_NON_LITERAL_NULL_CONVERSION = YES;
				CLANG_WARN_OBJC_IMPLICIT_RETAIN_SELF = YES;
				CLANG_WARN_OBJC_LITERAL_CONVERSION = YES;
				CLANG_WARN_OBJC_ROOT_CLASS = YES_ERROR;
				CLANG_WARN_QUOTED_INCLUDE_IN_FRAMEWORK_HEADER = YES;
				CLANG_WARN_RANGE_LOOP_ANALYSIS = YES;
				CLANG_WARN_STRICT_PROTOTYPES = YES;
				CLANG_WARN_SUSPICIOUS_MOVE = YES;
				CLANG_WARN_UNGUARDED_AVAILABILITY = YES_AGGRESSIVE;
				CLANG_WARN_UNREACHABLE_CODE = YES;
				CLANG_WARN__DUPLICATE_METHOD_MATCH = YES;
				COPY_PHASE_STRIP = NO;
				DEBUG_INFORMATION_FORMAT = dwarf;
				ENABLE_STRICT_OBJC_MSGSEND = YES;
				ENABLE_TESTABILITY = YES;
				GCC_C_LANGUAGE_STANDARD = gnu11;
				GCC_DYNAMIC_NO_PIC = NO;
				GCC_NO_COMMON_BLOCKS = YES;
				GCC_OPTIMIZATION_LEVEL = 0;
				GCC_PREPROCESSOR_DEFINITIONS = (
					"DEBUG=1",
					"$(inherited)",
				);
				GCC_WARN_64_TO_32_BIT_CONVERSION = YES;
				GCC_WARN_ABOUT_RETURN_TYPE = YES_ERROR;
				GCC_WARN_UNDECLARED_SELECTOR = YES;
				GCC_WARN_UNINITIALIZED_AUTOS = YES_AGGRESSIVE;
				GCC_WARN_UNUSED_FUNCTION = YES;
				GCC_WARN_UNUSED_VARIABLE = YES;
				IPHONEOS_DEPLOYMENT_TARGET = 16.4;
				MTL_ENABLE_DEBUG_INFO = INCLUDE_SOURCE;
				MTL_FAST_MATH = YES;
				ONLY_ACTIVE_ARCH = YES;
				SDKROOT = iphoneos;
				SWIFT_ACTIVE_COMPILATION_CONDITIONS = DEBUG;
				SWIFT_OPTIMIZATION_LEVEL = "-Onone";
			};
			name = Debug;
		};
		B0AEC4F82A5D70EB00712D99 /* Release */ = {
			isa = XCBuildConfiguration;
			buildSettings = {
				ALWAYS_SEARCH_USER_PATHS = NO;
				CLANG_ANALYZER_NONNULL = YES;
				CLANG_ANALYZER_NUMBER_OBJECT_CONVERSION = YES_AGGRESSIVE;
				CLANG_CXX_LANGUAGE_STANDARD = "gnu++20";
				CLANG_ENABLE_MODULES = YES;
				CLANG_ENABLE_OBJC_ARC = YES;
				CLANG_ENABLE_OBJC_WEAK = YES;
				CLANG_WARN_BLOCK_CAPTURE_AUTORELEASING = YES;
				CLANG_WARN_BOOL_CONVERSION = YES;
				CLANG_WARN_COMMA = YES;
				CLANG_WARN_CONSTANT_CONVERSION = YES;
				CLANG_WARN_DEPRECATED_OBJC_IMPLEMENTATIONS = YES;
				CLANG_WARN_DIRECT_OBJC_ISA_USAGE = YES_ERROR;
				CLANG_WARN_DOCUMENTATION_COMMENTS = YES;
				CLANG_WARN_EMPTY_BODY = YES;
				CLANG_WARN_ENUM_CONVERSION = YES;
				CLANG_WARN_INFINITE_RECURSION = YES;
				CLANG_WARN_INT_CONVERSION = YES;
				CLANG_WARN_NON_LITERAL_NULL_CONVERSION = YES;
				CLANG_WARN_OBJC_IMPLICIT_RETAIN_SELF = YES;
				CLANG_WARN_OBJC_LITERAL_CONVERSION = YES;
				CLANG_WARN_OBJC_ROOT_CLASS = YES_ERROR;
				CLANG_WARN_QUOTED_INCLUDE_IN_FRAMEWORK_HEADER = YES;
				CLANG_WARN_RANGE_LOOP_ANALYSIS = YES;
				CLANG_WARN_STRICT_PROTOTYPES = YES;
				CLANG_WARN_SUSPICIOUS_MOVE = YES;
				CLANG_WARN_UNGUARDED_AVAILABILITY = YES_AGGRESSIVE;
				CLANG_WARN_UNREACHABLE_CODE = YES;
				CLANG_WARN__DUPLICATE_METHOD_MATCH = YES;
				COPY_PHASE_STRIP = NO;
				DEBUG_INFORMATION_FORMAT = "dwarf-with-dsym";
				ENABLE_NS_ASSERTIONS = NO;
				ENABLE_STRICT_OBJC_MSGSEND = YES;
				GCC_C_LANGUAGE_STANDARD = gnu11;
				GCC_NO_COMMON_BLOCKS = YES;
				GCC_WARN_64_TO_32_BIT_CONVERSION = YES;
				GCC_WARN_ABOUT_RETURN_TYPE = YES_ERROR;
				GCC_WARN_UNDECLARED_SELECTOR = YES;
				GCC_WARN_UNINITIALIZED_AUTOS = YES_AGGRESSIVE;
				GCC_WARN_UNUSED_FUNCTION = YES;
				GCC_WARN_UNUSED_VARIABLE = YES;
				IPHONEOS_DEPLOYMENT_TARGET = 16.4;
				MTL_ENABLE_DEBUG_INFO = NO;
				MTL_FAST_MATH = YES;
				SDKROOT = iphoneos;
				SWIFT_COMPILATION_MODE = wholemodule;
				SWIFT_OPTIMIZATION_LEVEL = "-O";
				VALIDATE_PRODUCT = YES;
			};
			name = Release;
		};
		B0AEC4FA2A5D70EB00712D99 /* Debug */ = {
			isa = XCBuildConfiguration;
			buildSettings = {
				ASSETCATALOG_COMPILER_APPICON_NAME = AppIcon;
				ASSETCATALOG_COMPILER_GLOBAL_ACCENT_COLOR_NAME = AccentColor;
				CODE_SIGN_STYLE = Automatic;
				CURRENT_PROJECT_VERSION = 1;
				DEVELOPMENT_TEAM = 5346R7RC8E;
				GENERATE_INFOPLIST_FILE = YES;
				INFOPLIST_FILE = ScrollingButtons/Info.plist;
				INFOPLIST_KEY_UIApplicationSupportsIndirectInputEvents = YES;
				INFOPLIST_KEY_UILaunchStoryboardName = LaunchScreen;
				INFOPLIST_KEY_UIMainStoryboardFile = Main;
				INFOPLIST_KEY_UISupportedInterfaceOrientations_iPad = "UIInterfaceOrientationPortrait UIInterfaceOrientationPortraitUpsideDown UIInterfaceOrientationLandscapeLeft UIInterfaceOrientationLandscapeRight";
				INFOPLIST_KEY_UISupportedInterfaceOrientations_iPhone = "UIInterfaceOrientationPortrait UIInterfaceOrientationLandscapeLeft UIInterfaceOrientationLandscapeRight";
				LD_RUNPATH_SEARCH_PATHS = (
					"$(inherited)",
					"@executable_path/Frameworks",
				);
				MARKETING_VERSION = 1.0;
				PRODUCT_BUNDLE_IDENTIFIER = com.adw.ScrollingButtons;
				PRODUCT_NAME = "$(TARGET_NAME)";
				SWIFT_EMIT_LOC_STRINGS = YES;
				SWIFT_VERSION = 5.0;
				TARGETED_DEVICE_FAMILY = "1,2";
			};
			name = Debug;
		};
		B0AEC4FB2A5D70EB00712D99 /* Release */ = {
			isa = XCBuildConfiguration;
			buildSettings = {
				ASSETCATALOG_COMPILER_APPICON_NAME = AppIcon;
				ASSETCATALOG_COMPILER_GLOBAL_ACCENT_COLOR_NAME = AccentColor;
				CODE_SIGN_STYLE = Automatic;
				CURRENT_PROJECT_VERSION = 1;
				DEVELOPMENT_TEAM = 5346R7RC8E;
				GENERATE_INFOPLIST_FILE = YES;
				INFOPLIST_FILE = ScrollingButtons/Info.plist;
				INFOPLIST_KEY_UIApplicationSupportsIndirectInputEvents = YES;
				INFOPLIST_KEY_UILaunchStoryboardName = LaunchScreen;
				INFOPLIST_KEY_UIMainStoryboardFile = Main;
				INFOPLIST_KEY_UISupportedInterfaceOrientations_iPad = "UIInterfaceOrientationPortrait UIInterfaceOrientationPortraitUpsideDown UIInterfaceOrientationLandscapeLeft UIInterfaceOrientationLandscapeRight";
				INFOPLIST_KEY_UISupportedInterfaceOrientations_iPhone = "UIInterfaceOrientationPortrait UIInterfaceOrientationLandscapeLeft UIInterfaceOrientationLandscapeRight";
				LD_RUNPATH_SEARCH_PATHS = (
					"$(inherited)",
					"@executable_path/Frameworks",
				);
				MARKETING_VERSION = 1.0;
				PRODUCT_BUNDLE_IDENTIFIER = com.adw.ScrollingButtons;
				PRODUCT_NAME = "$(TARGET_NAME)";
				SWIFT_EMIT_LOC_STRINGS = YES;
				SWIFT_VERSION = 5.0;
				TARGETED_DEVICE_FAMILY = "1,2";
			};
			name = Release;
		};
/* End XCBuildConfiguration section */

/* Begin XCConfigurationList section */
		B0AEC4E02A5D70E800712D99 /* Build configuration list for PBXProject "ScrollingButtonsExample" */ = {
			isa = XCConfigurationList;
			buildConfigurations = (
				B0AEC4F72A5D70EB00712D99 /* Debug */,
				B0AEC4F82A5D70EB00712D99 /* Release */,
			);
			defaultConfigurationIsVisible = 0;
			defaultConfigurationName = Release;
		};
		B0AEC4F92A5D70EB00712D99 /* Build configuration list for PBXNativeTarget "ScrollingButtonsExample" */ = {
			isa = XCConfigurationList;
			buildConfigurations = (
				B0AEC4FA2A5D70EB00712D99 /* Debug */,
				B0AEC4FB2A5D70EB00712D99 /* Release */,
			);
			defaultConfigurationIsVisible = 0;
			defaultConfigurationName = Release;
		};
/* End XCConfigurationList section */
	};
	rootObject = B0AEC4DD2A5D70E800712D99 /* Project object */;
}
